
Microsoft Visual Studio Solution File, Format Version 12.00
# Visual Studio 15
VisualStudioVersion = 15.0.28307.960
MinimumVisualStudioVersion = 10.0.40219.1
Project("{9A19103F-16F7-4668-BE54-9A1E7A4F7556}") = "IguanaBot.Services", "IguanaBot.Services\IguanaBot.Services.csproj", "{3CC657E3-ADEF-4928-8189-FF718D1BA9F3}"
EndProject
Project("{9A19103F-16F7-4668-BE54-9A1E7A4F7556}") = "IguanaBot.Controller", "IguanaBot.Controller\IguanaBot.Controller.csproj", "{E112E850-631A-4EC0-8E70-13B71C23AA4B}"
EndProject
Global
	GlobalSection(SolutionConfigurationPlatforms) = preSolution
		Debug|Any CPU = Debug|Any CPU
		Release|Any CPU = Release|Any CPU
	EndGlobalSection
	GlobalSection(ProjectConfigurationPlatforms) = postSolution
		{3CC657E3-ADEF-4928-8189-FF718D1BA9F3}.Debug|Any CPU.ActiveCfg = Debug|Any CPU
		{3CC657E3-ADEF-4928-8189-FF718D1BA9F3}.Debug|Any CPU.Build.0 = Debug|Any CPU
		{3CC657E3-ADEF-4928-8189-FF718D1BA9F3}.Release|Any CPU.ActiveCfg = Release|Any CPU
		{3CC657E3-ADEF-4928-8189-FF718D1BA9F3}.Release|Any CPU.Build.0 = Release|Any CPU
		{E112E850-631A-4EC0-8E70-13B71C23AA4B}.Debug|Any CPU.ActiveCfg = Debug|Any CPU
		{E112E850-631A-4EC0-8E70-13B71C23AA4B}.Debug|Any CPU.Build.0 = Debug|Any CPU
		{E112E850-631A-4EC0-8E70-13B71C23AA4B}.Release|Any CPU.ActiveCfg = Release|Any CPU
		{E112E850-631A-4EC0-8E70-13B71C23AA4B}.Release|Any CPU.Build.0 = Release|Any CPU
	EndGlobalSection
	GlobalSection(SolutionProperties) = preSolution
		HideSolutionNode = FALSE
	EndGlobalSection
	GlobalSection(ExtensibilityGlobals) = postSolution
		SolutionGuid = {7B070376-B0D8-4BD8-A734-E9CD22CB7C85}
	EndGlobalSection
EndGlobal
